
Microsoft Visual Studio Solution File, Format Version 12.00
# Visual Studio Version 17
VisualStudioVersion = 17.5.33530.505
MinimumVisualStudioVersion = 10.0.40219.1
Project("{9A19103F-16F7-4668-BE54-9A1E7A4F7556}") = "hospital.integracion", "hospital.integracion\hospital.integracion.csproj", "{C7308DBC-8764-472F-9C59-DB7C8310573E}"
EndProject
Project("{FAE04EC0-301F-11D3-BF4B-00C04F79EFBC}") = "hospital.webApp", "hospital.webApp\hospital.webApp.csproj", "{751E9EEB-BDDD-4BBB-997B-35A4D333E60F}"
EndProject
Global
	GlobalSection(SolutionConfigurationPlatforms) = preSolution
		Debug|Any CPU = Debug|Any CPU
		Release|Any CPU = Release|Any CPU
	EndGlobalSection
	GlobalSection(ProjectConfigurationPlatforms) = postSolution
		{C7308DBC-8764-472F-9C59-DB7C8310573E}.Debug|Any CPU.ActiveCfg = Debug|Any CPU
		{C7308DBC-8764-472F-9C59-DB7C8310573E}.Debug|Any CPU.Build.0 = Debug|Any CPU
		{C7308DBC-8764-472F-9C59-DB7C8310573E}.Release|Any CPU.ActiveCfg = Release|Any CPU
		{C7308DBC-8764-472F-9C59-DB7C8310573E}.Release|Any CPU.Build.0 = Release|Any CPU
		{751E9EEB-BDDD-4BBB-997B-35A4D333E60F}.Debug|Any CPU.ActiveCfg = Debug|Any CPU
		{751E9EEB-BDDD-4BBB-997B-35A4D333E60F}.Debug|Any CPU.Build.0 = Debug|Any CPU
		{751E9EEB-BDDD-4BBB-997B-35A4D333E60F}.Release|Any CPU.ActiveCfg = Release|Any CPU
		{751E9EEB-BDDD-4BBB-997B-35A4D333E60F}.Release|Any CPU.Build.0 = Release|Any CPU
	EndGlobalSection
	GlobalSection(SolutionProperties) = preSolution
		HideSolutionNode = FALSE
	EndGlobalSection
	GlobalSection(ExtensibilityGlobals) = postSolution
		SolutionGuid = {EA2B82A6-7498-4ADB-B974-59D3205D31B2}
	EndGlobalSection
EndGlobal
